
Microsoft Visual Studio Solution File, Format Version 12.00
# Visual Studio 15
VisualStudioVersion = 15.0.26730.16
MinimumVisualStudioVersion = 10.0.40219.1
Project("{FAE04EC0-301F-11D3-BF4B-00C04F79EFBC}") = "WindowsFormsAppDemo", "WindowsFormsAppDemo\WindowsFormsAppDemo.csproj", "{6E62CF50-3A02-46CC-8B9F-AA25104BB93B}"
EndProject
Global
	GlobalSection(SolutionConfigurationPlatforms) = preSolution
		Debug|Any CPU = Debug|Any CPU
		Release|Any CPU = Release|Any CPU
	EndGlobalSection
	GlobalSection(ProjectConfigurationPlatforms) = postSolution
		{6E62CF50-3A02-46CC-8B9F-AA25104BB93B}.Debug|Any CPU.ActiveCfg = Debug|Any CPU
		{6E62CF50-3A02-46CC-8B9F-AA25104BB93B}.Debug|Any CPU.Build.0 = Debug|Any CPU
		{6E62CF50-3A02-46CC-8B9F-AA25104BB93B}.Release|Any CPU.ActiveCfg = Release|Any CPU
		{6E62CF50-3A02-46CC-8B9F-AA25104BB93B}.Release|Any CPU.Build.0 = Release|Any CPU
	EndGlobalSection
	GlobalSection(SolutionProperties) = preSolution
		HideSolutionNode = FALSE
	EndGlobalSection
	GlobalSection(ExtensibilityGlobals) = postSolution
		SolutionGuid = {FD3F33E0-3216-4C00-906D-7ECDE9C2424C}
	EndGlobalSection
EndGlobal
