
Microsoft Visual Studio Solution File, Format Version 12.00
# Visual Studio 15
VisualStudioVersion = 15.0.26730.16
MinimumVisualStudioVersion = 10.0.40219.1
Project("{FAE04EC0-301F-11D3-BF4B-00C04F79EFBC}") = "WindowsFormsApp3", "WindowsFormsApp3\WindowsFormsApp3.csproj", "{46146B8A-B3CE-495C-9D32-34436C423D06}"
EndProject
Global
	GlobalSection(SolutionConfigurationPlatforms) = preSolution
		Debug|Any CPU = Debug|Any CPU
		Release|Any CPU = Release|Any CPU
	EndGlobalSection
	GlobalSection(ProjectConfigurationPlatforms) = postSolution
		{46146B8A-B3CE-495C-9D32-34436C423D06}.Debug|Any CPU.ActiveCfg = Debug|Any CPU
		{46146B8A-B3CE-495C-9D32-34436C423D06}.Debug|Any CPU.Build.0 = Debug|Any CPU
		{46146B8A-B3CE-495C-9D32-34436C423D06}.Release|Any CPU.ActiveCfg = Release|Any CPU
		{46146B8A-B3CE-495C-9D32-34436C423D06}.Release|Any CPU.Build.0 = Release|Any CPU
	EndGlobalSection
	GlobalSection(SolutionProperties) = preSolution
		HideSolutionNode = FALSE
	EndGlobalSection
	GlobalSection(ExtensibilityGlobals) = postSolution
		SolutionGuid = {CDF8E37F-D3DC-4341-8FA7-A936FBC40C5E}
	EndGlobalSection
EndGlobal
