
Microsoft Visual Studio Solution File, Format Version 12.00
# Visual Studio 15
VisualStudioVersion = 15.0.26730.16
MinimumVisualStudioVersion = 10.0.40219.1
Project("{FAE04EC0-301F-11D3-BF4B-00C04F79EFBC}") = "WpfApp3", "WpfApp3\WpfApp3.csproj", "{4FEA94FF-71E6-4FD2-AA70-00274C331F76}"
EndProject
Global
	GlobalSection(SolutionConfigurationPlatforms) = preSolution
		Debug|Any CPU = Debug|Any CPU
		Release|Any CPU = Release|Any CPU
	EndGlobalSection
	GlobalSection(ProjectConfigurationPlatforms) = postSolution
		{4FEA94FF-71E6-4FD2-AA70-00274C331F76}.Debug|Any CPU.ActiveCfg = Debug|Any CPU
		{4FEA94FF-71E6-4FD2-AA70-00274C331F76}.Debug|Any CPU.Build.0 = Debug|Any CPU
		{4FEA94FF-71E6-4FD2-AA70-00274C331F76}.Release|Any CPU.ActiveCfg = Release|Any CPU
		{4FEA94FF-71E6-4FD2-AA70-00274C331F76}.Release|Any CPU.Build.0 = Release|Any CPU
	EndGlobalSection
	GlobalSection(SolutionProperties) = preSolution
		HideSolutionNode = FALSE
	EndGlobalSection
	GlobalSection(ExtensibilityGlobals) = postSolution
		SolutionGuid = {0AA867FD-A798-4C87-A6C1-6E9AF6557EA7}
	EndGlobalSection
EndGlobal
